
Microsoft Visual Studio Solution File, Format Version 12.00
# Visual Studio Version 17
VisualStudioVersion = 17.1.32407.343
MinimumVisualStudioVersion = 10.0.40219.1
Project("{9A19103F-16F7-4668-BE54-9A1E7A4F7556}") = "Ubee.Domain", "Ubee.Domain\Ubee.Domain.csproj", "{AA41D60F-ECC7-4883-88E5-3FA077664920}"
EndProject
Project("{9A19103F-16F7-4668-BE54-9A1E7A4F7556}") = "Ubee.Data", "Ubee.Data\Ubee.Data.csproj", "{5EC78CBD-73E3-4ED5-8C80-FFFD0896E0A4}"
EndProject
Project("{9A19103F-16F7-4668-BE54-9A1E7A4F7556}") = "Ubee.Service", "Ubee.Service\Ubee.Service.csproj", "{3638800E-64A9-4643-94BF-1839D9A55149}"
EndProject
Project("{9A19103F-16F7-4668-BE54-9A1E7A4F7556}") = "Ubee.Web", "Ubee.Web\Ubee.Web.csproj", "{E92DC376-8168-4FEB-BCFC-E976ADA6792E}"
EndProject
Project("{FAE04EC0-301F-11D3-BF4B-00C04F79EFBC}") = "Ubee.Shared", "Ubee.Shared\Ubee.Shared.csproj", "{E93C2E50-97E3-4D9D-BBA0-922056CD6E77}"
EndProject
Global
	GlobalSection(SolutionConfigurationPlatforms) = preSolution
		Debug|Any CPU = Debug|Any CPU
		Release|Any CPU = Release|Any CPU
	EndGlobalSection
	GlobalSection(ProjectConfigurationPlatforms) = postSolution
		{AA41D60F-ECC7-4883-88E5-3FA077664920}.Debug|Any CPU.ActiveCfg = Debug|Any CPU
		{AA41D60F-ECC7-4883-88E5-3FA077664920}.Debug|Any CPU.Build.0 = Debug|Any CPU
		{AA41D60F-ECC7-4883-88E5-3FA077664920}.Release|Any CPU.ActiveCfg = Release|Any CPU
		{AA41D60F-ECC7-4883-88E5-3FA077664920}.Release|Any CPU.Build.0 = Release|Any CPU
		{5EC78CBD-73E3-4ED5-8C80-FFFD0896E0A4}.Debug|Any CPU.ActiveCfg = Debug|Any CPU
		{5EC78CBD-73E3-4ED5-8C80-FFFD0896E0A4}.Debug|Any CPU.Build.0 = Debug|Any CPU
		{5EC78CBD-73E3-4ED5-8C80-FFFD0896E0A4}.Release|Any CPU.ActiveCfg = Release|Any CPU
		{5EC78CBD-73E3-4ED5-8C80-FFFD0896E0A4}.Release|Any CPU.Build.0 = Release|Any CPU
		{3638800E-64A9-4643-94BF-1839D9A55149}.Debug|Any CPU.ActiveCfg = Debug|Any CPU
		{3638800E-64A9-4643-94BF-1839D9A55149}.Debug|Any CPU.Build.0 = Debug|Any CPU
		{3638800E-64A9-4643-94BF-1839D9A55149}.Release|Any CPU.ActiveCfg = Release|Any CPU
		{3638800E-64A9-4643-94BF-1839D9A55149}.Release|Any CPU.Build.0 = Release|Any CPU
		{E92DC376-8168-4FEB-BCFC-E976ADA6792E}.Debug|Any CPU.ActiveCfg = Debug|Any CPU
		{E92DC376-8168-4FEB-BCFC-E976ADA6792E}.Debug|Any CPU.Build.0 = Debug|Any CPU
		{E92DC376-8168-4FEB-BCFC-E976ADA6792E}.Release|Any CPU.ActiveCfg = Release|Any CPU
		{E92DC376-8168-4FEB-BCFC-E976ADA6792E}.Release|Any CPU.Build.0 = Release|Any CPU
		{E93C2E50-97E3-4D9D-BBA0-922056CD6E77}.Debug|Any CPU.ActiveCfg = Debug|Any CPU
		{E93C2E50-97E3-4D9D-BBA0-922056CD6E77}.Debug|Any CPU.Build.0 = Debug|Any CPU
		{E93C2E50-97E3-4D9D-BBA0-922056CD6E77}.Release|Any CPU.ActiveCfg = Release|Any CPU
		{E93C2E50-97E3-4D9D-BBA0-922056CD6E77}.Release|Any CPU.Build.0 = Release|Any CPU
	EndGlobalSection
	GlobalSection(SolutionProperties) = preSolution
		HideSolutionNode = FALSE
	EndGlobalSection
	GlobalSection(ExtensibilityGlobals) = postSolution
		SolutionGuid = {0A0D0482-1627-42DE-B549-02627216804B}
	EndGlobalSection
EndGlobal
